
Microsoft Visual Studio Solution File, Format Version 12.00
# Visual Studio Version 17
VisualStudioVersion = 17.9.34714.143
MinimumVisualStudioVersion = 10.0.40219.1
Project("{FAE04EC0-301F-11D3-BF4B-00C04F79EFBC}") = "Kurs20", "Kurs20.csproj", "{6FE0EF66-5D28-4009-B388-85DD5ABC7BB1}"
EndProject
Global
	GlobalSection(SolutionConfigurationPlatforms) = preSolution
		Debug|Any CPU = Debug|Any CPU
		Release|Any CPU = Release|Any CPU
	EndGlobalSection
	GlobalSection(ProjectConfigurationPlatforms) = postSolution
		{6FE0EF66-5D28-4009-B388-85DD5ABC7BB1}.Debug|Any CPU.ActiveCfg = Debug|Any CPU
		{6FE0EF66-5D28-4009-B388-85DD5ABC7BB1}.Debug|Any CPU.Build.0 = Debug|Any CPU
		{6FE0EF66-5D28-4009-B388-85DD5ABC7BB1}.Release|Any CPU.ActiveCfg = Release|Any CPU
		{6FE0EF66-5D28-4009-B388-85DD5ABC7BB1}.Release|Any CPU.Build.0 = Release|Any CPU
	EndGlobalSection
	GlobalSection(SolutionProperties) = preSolution
		HideSolutionNode = FALSE
	EndGlobalSection
	GlobalSection(ExtensibilityGlobals) = postSolution
		SolutionGuid = {920CACE0-6CDC-4EDB-A25B-B50D0CF671C3}
	EndGlobalSection
EndGlobal
