
Microsoft Visual Studio Solution File, Format Version 12.00
# Visual Studio Version 17
VisualStudioVersion = 17.9.34714.143
MinimumVisualStudioVersion = 10.0.40219.1
Project("{FAE04EC0-301F-11D3-BF4B-00C04F79EFBC}") = "Hashing", "Hashing.csproj", "{BC99A8CD-A79C-41F1-8991-DD00A992680B}"
EndProject
Global
	GlobalSection(SolutionConfigurationPlatforms) = preSolution
		Debug|Any CPU = Debug|Any CPU
		Release|Any CPU = Release|Any CPU
	EndGlobalSection
	GlobalSection(ProjectConfigurationPlatforms) = postSolution
		{BC99A8CD-A79C-41F1-8991-DD00A992680B}.Debug|Any CPU.ActiveCfg = Debug|Any CPU
		{BC99A8CD-A79C-41F1-8991-DD00A992680B}.Debug|Any CPU.Build.0 = Debug|Any CPU
		{BC99A8CD-A79C-41F1-8991-DD00A992680B}.Release|Any CPU.ActiveCfg = Release|Any CPU
		{BC99A8CD-A79C-41F1-8991-DD00A992680B}.Release|Any CPU.Build.0 = Release|Any CPU
	EndGlobalSection
	GlobalSection(SolutionProperties) = preSolution
		HideSolutionNode = FALSE
	EndGlobalSection
	GlobalSection(ExtensibilityGlobals) = postSolution
		SolutionGuid = {3A32AE83-A98A-436E-A474-4266EBD19CDA}
	EndGlobalSection
EndGlobal
